
Microsoft Visual Studio Solution File, Format Version 12.00
# Visual Studio Version 17
VisualStudioVersion = 17.1.32414.318
MinimumVisualStudioVersion = 10.0.40219.1
Project("{FAE04EC0-301F-11D3-BF4B-00C04F79EFBC}") = "az-400-practisetest", "az-400-practisetest.csproj", "{3004B6C9-2A47-451C-BA04-DA1651F79D34}"
EndProject
Global
	GlobalSection(SolutionConfigurationPlatforms) = preSolution
		Debug|Any CPU = Debug|Any CPU
		Release|Any CPU = Release|Any CPU
	EndGlobalSection
	GlobalSection(ProjectConfigurationPlatforms) = postSolution
		{3004B6C9-2A47-451C-BA04-DA1651F79D34}.Debug|Any CPU.ActiveCfg = Debug|Any CPU
		{3004B6C9-2A47-451C-BA04-DA1651F79D34}.Debug|Any CPU.Build.0 = Debug|Any CPU
		{3004B6C9-2A47-451C-BA04-DA1651F79D34}.Release|Any CPU.ActiveCfg = Release|Any CPU
		{3004B6C9-2A47-451C-BA04-DA1651F79D34}.Release|Any CPU.Build.0 = Release|Any CPU
	EndGlobalSection
	GlobalSection(SolutionProperties) = preSolution
		HideSolutionNode = FALSE
	EndGlobalSection
	GlobalSection(ExtensibilityGlobals) = postSolution
		SolutionGuid = {BD3E952B-813D-420F-B334-BE3644BA538A}
	EndGlobalSection
EndGlobal
